# THIS IS AN AUTOGENERATED FILE. DO NOT EDIT THIS FILE DIRECTLY.
# yarn lockfile v1


"@redis/bloom@1.2.0":
  version "1.2.0"
  resolved "https://registry.npmjs.org/@redis/bloom/-/bloom-1.2.0.tgz"
  integrity sha512-HG2DFjYKbpNmVXsa0keLHp/3leGJz1mjh09f2RLGGLQZzSHpkmZWuwJbAvo3QcRY8p80m5+ZdXZdYOSBLlp7Cg==

"@redis/client@^1.0.0", "@redis/client@1.6.0":
  version "1.6.0"
  resolved "https://registry.npmjs.org/@redis/client/-/client-1.6.0.tgz"
  integrity sha512-aR0uffYI700OEEH4gYnitAnv3vzVGXCFvYfdpu/CJKvk4pHfLPEy/JSZyrpQ+15WhXe1yJRXLtfQ84s4mEXnPg==
  dependencies:
    cluster-key-slot "1.1.2"
    generic-pool "3.9.0"
    yallist "4.0.0"

"@redis/graph@1.1.1":
  version "1.1.1"
  resolved "https://registry.npmjs.org/@redis/graph/-/graph-1.1.1.tgz"
  integrity sha512-FEMTcTHZozZciLRl6GiiIB4zGm5z5F3F6a6FZCyrfxdKOhFlGkiAqlexWMBzCi4DcRoyiOsuLfW+cjlGWyExOw==

"@redis/json@1.0.7":
  version "1.0.7"
  resolved "https://registry.npmjs.org/@redis/json/-/json-1.0.7.tgz"
  integrity sha512-6UyXfjVaTBTJtKNG4/9Z8PSpKE6XgSyEb8iwaqDcy+uKrd/DGYHTWkUdnQDyzm727V7p21WUMhsqz5oy65kPcQ==

"@redis/search@1.2.0":
  version "1.2.0"
  resolved "https://registry.npmjs.org/@redis/search/-/search-1.2.0.tgz"
  integrity sha512-tYoDBbtqOVigEDMAcTGsRlMycIIjwMCgD8eR2t0NANeQmgK/lvxNAvYyb6bZDD4frHRhIHkJu2TBRvB0ERkOmw==

"@redis/time-series@1.1.0":
  version "1.1.0"
  resolved "https://registry.npmjs.org/@redis/time-series/-/time-series-1.1.0.tgz"
  integrity sha512-c1Q99M5ljsIuc4YdaCwfUEXsofakb9c8+Zse2qxTadu8TalLXuAESzLvFAvNVbkmSlvlzIQOLpBCmWI9wTOt+g==

"@types/node@^22.7.4":
  version "22.7.4"
  resolved "https://registry.npmjs.org/@types/node/-/node-22.7.4.tgz"
  integrity sha512-y+NPi1rFzDs1NdQHHToqeiX2TIS79SWEAw9GYhkkx8bD0ChpfqC+n2j5OXOCpzfojBEBt6DnEnnG9MY0zk1XLg==
  dependencies:
    undici-types "~6.19.2"

child_process@^1.0.2:
  version "1.0.2"
  resolved "https://registry.npmjs.org/child_process/-/child_process-1.0.2.tgz"
  integrity sha512-Wmza/JzL0SiWz7kl6MhIKT5ceIlnFPJX+lwUGj7Clhy5MMldsSoJR0+uvRzOS5Kv45Mq7t1PoE8TsOA9bzvb6g==

cluster-key-slot@1.1.2:
  version "1.1.2"
  resolved "https://registry.npmjs.org/cluster-key-slot/-/cluster-key-slot-1.1.2.tgz"
  integrity sha512-RMr0FhtfXemyinomL4hrWcYJxmX6deFdCxpJzhDttxgO1+bcCnkk+9drydLVDmAMG7NE6aN/fl4F7ucU/90gAA==

generic-pool@3.9.0:
  version "3.9.0"
  resolved "https://registry.npmjs.org/generic-pool/-/generic-pool-3.9.0.tgz"
  integrity sha512-hymDOu5B53XvN4QT9dBmZxPX4CWhBPPLguTZ9MMFeFa/Kg0xWVfylOVNlJji/E7yTZWFd/q9GO5TxDLq156D7g==

redis@^4.7.0:
  version "4.7.0"
  resolved "https://registry.npmjs.org/redis/-/redis-4.7.0.tgz"
  integrity sha512-zvmkHEAdGMn+hMRXuMBtu4Vo5P6rHQjLoHftu+lBqq8ZTA3RCVC/WzD790bkKKiNFp7d5/9PcSD19fJyyRvOdQ==
  dependencies:
    "@redis/bloom" "1.2.0"
    "@redis/client" "1.6.0"
    "@redis/graph" "1.1.1"
    "@redis/json" "1.0.7"
    "@redis/search" "1.2.0"
    "@redis/time-series" "1.1.0"

tsc@^2.0.4:
  version "2.0.4"
  resolved "https://registry.npmjs.org/tsc/-/tsc-2.0.4.tgz"
  integrity sha512-fzoSieZI5KKJVBYGvwbVZs/J5za84f2lSTLPYf6AGiIf43tZ3GNrI1QzTLcjtyDDP4aLxd46RTZq1nQxe7+k5Q==

typescript@^5.4.5, typescript@^5.6.2:
  version "5.6.2"
  resolved "https://registry.npmjs.org/typescript/-/typescript-5.6.2.tgz"
  integrity sha512-NW8ByodCSNCwZeghjN3o+JX5OFH0Ojg6sadjEKY4huZ52TqbJTJnDo5+Tw98lSy63NZvi4n+ez5m2u5d4PkZyw==

undici-types@~6.19.2:
  version "6.19.8"
  resolved "https://registry.npmjs.org/undici-types/-/undici-types-6.19.8.tgz"
  integrity sha512-ve2KP6f/JnbPBFyobGHuerC9g1FYGn/F8n1LWTwNxCEzd6IfqTwUQcNXgEtmmQ6DlRrC1hrSrBnCZPokRrDHjw==

"worker@file:/home/sam/Projects/InkCode-Fusion/apps/worker":
  version "1.0.0"
  resolved "file:apps/worker"
  dependencies:
    redis "^4.6.13"

yallist@4.0.0:
  version "4.0.0"
  resolved "https://registry.npmjs.org/yallist/-/yallist-4.0.0.tgz"
  integrity sha512-3wdGidZyq5PB084XLES5TpOSRA3wjXAlIWMhum2kRcv/41Sn2emQ0dycQW4uZXLejwKvg6EsvbdlVL+FYEct7A==
